# This file is automatically @generated by Cargo.
# It is not intended for manual editing.
version = 3

[[package]]
name = "libc"
version = "0.2.132"
source = "registry+https://github.com/rust-lang/crates.io-index"
checksum = "8371e4e5341c3a96db127eb2465ac681ced4c433e01dd0e938adbef26ba93ba5"

[[package]]
name = "memmap2"
version = "0.5.4"
source = "registry+https://github.com/rust-lang/crates.io-index"
checksum = "d5172b50c23043ff43dd53e51392f36519d9b35a8f3a410d30ece5d1aedd58ae"
dependencies = [
 "libc",
]

[[package]]
name = "na_print"
version = "1.0.0"
source = "registry+https://github.com/rust-lang/crates.io-index"
checksum = "0c8db6c57d7b4541577a17ac5cf599412411eb59fccb2fe4ebe2546881134f6d"
dependencies = [
 "libc",
]

[[package]]
name = "numtoa"
version = "0.2.4"
source = "registry+https://github.com/rust-lang/crates.io-index"
checksum = "6aa2c4e539b869820a2b82e1aef6ff40aa85e65decdd5185e83fb4b1249cd00f"

[[package]]
name = "ralloc"
version = "0.1.0"
dependencies = [
 "memmap2",
 "na_print",
 "numtoa",
]
